// !$*UTF8*$!
{
	archiveVersion = 1;
	classes = {
	};
	objectVersion = 56;
	objects = {

/* Begin PBXBuildFile section */
		FCC707C02C2C5E5100F3E42B /* AppDelegate.swift in Sources */ = {isa = PBXBuildFile; fileRef = FCC707BF2C2C5E5100F3E42B /* AppDelegate.swift */; };
		FCC707C22C2C5E5100F3E42B /* SceneDelegate.swift in Sources */ = {isa = PBXBuildFile; fileRef = FCC707C12C2C5E5100F3E42B /* SceneDelegate.swift */; };
		FCC707C42C2C5E5100F3E42B /* ViewController.swift in Sources */ = {isa = PBXBuildFile; fileRef = FCC707C32C2C5E5100F3E42B /* ViewController.swift */; };
		FCC707C72C2C5E5100F3E42B /* Main.storyboard in Resources */ = {isa = PBXBuildFile; fileRef = FCC707C52C2C5E5100F3E42B /* Main.storyboard */; };
		FCC707C92C2C5E5100F3E42B /* Assets.xcassets in Resources */ = {isa = PBXBuildFile; fileRef = FCC707C82C2C5E5100F3E42B /* Assets.xcassets */; };
		FCC707CC2C2C5E5100F3E42B /* LaunchScreen.storyboard in Resources */ = {isa = PBXBuildFile; fileRef = FCC707CA2C2C5E5100F3E42B /* LaunchScreen.storyboard */; };
		FCC707D72C2C5E5100F3E42B /* IOS_HWTests.swift in Sources */ = {isa = PBXBuildFile; fileRef = FCC707D62C2C5E5100F3E42B /* IOS_HWTests.swift */; };
		FCC707E12C2C5E5100F3E42B /* IOS_HWUITests.swift in Sources */ = {isa = PBXBuildFile; fileRef = FCC707E02C2C5E5100F3E42B /* IOS_HWUITests.swift */; };
		FCC707E32C2C5E5100F3E42B /* IOS_HWUITestsLaunchTests.swift in Sources */ = {isa = PBXBuildFile; fileRef = FCC707E22C2C5E5100F3E42B /* IOS_HWUITestsLaunchTests.swift */; };
/* End PBXBuildFile section */

/* Begin PBXContainerItemProxy section */
		FCC707D32C2C5E5100F3E42B /* PBXContainerItemProxy */ = {
			isa = PBXContainerItemProxy;
			containerPortal = FCC707B42C2C5E5000F3E42B /* Project object */;
			proxyType = 1;
			remoteGlobalIDString = FCC707BB2C2C5E5000F3E42B;
			remoteInfo = "IOS-HW";
		};
		FCC707DD2C2C5E5100F3E42B /* PBXContainerItemProxy */ = {
			isa = PBXContainerItemProxy;
			containerPortal = FCC707B42C2C5E5000F3E42B /* Project object */;
			proxyType = 1;
			remoteGlobalIDString = FCC707BB2C2C5E5000F3E42B;
			remoteInfo = "IOS-HW";
		};
/* End PBXContainerItemProxy section */

/* Begin PBXFileReference section */
		FCC707BC2C2C5E5000F3E42B /* IOS-HW.app */ = {isa = PBXFileReference; explicitFileType = wrapper.application; includeInIndex = 0; path = "IOS-HW.app"; sourceTree = BUILT_PRODUCTS_DIR; };
		FCC707BF2C2C5E5100F3E42B /* AppDelegate.swift */ = {isa = PBXFileReference; lastKnownFileType = sourcecode.swift; path = AppDelegate.swift; sourceTree = "<group>"; };
		FCC707C12C2C5E5100F3E42B /* SceneDelegate.swift */ = {isa = PBXFileReference; lastKnownFileType = sourcecode.swift; path = SceneDelegate.swift; sourceTree = "<group>"; };
		FCC707C32C2C5E5100F3E42B /* ViewController.swift */ = {isa = PBXFileReference; lastKnownFileType = sourcecode.swift; path = ViewController.swift; sourceTree = "<group>"; };
		FCC707C62C2C5E5100F3E42B /* Base */ = {isa = PBXFileReference; lastKnownFileType = file.storyboard; name = Base; path = Base.lproj/Main.storyboard; sourceTree = "<group>"; };
		FCC707C82C2C5E5100F3E42B /* Assets.xcassets */ = {isa = PBXFileReference; lastKnownFileType = folder.assetcatalog; path = Assets.xcassets; sourceTree = "<group>"; };
		FCC707CB2C2C5E5100F3E42B /* Base */ = {isa = PBXFileReference; lastKnownFileType = file.storyboard; name = Base; path = Base.lproj/LaunchScreen.storyboard; sourceTree = "<group>"; };
		FCC707CD2C2C5E5100F3E42B /* Info.plist */ = {isa = PBXFileReference; lastKnownFileType = text.plist.xml; path = Info.plist; sourceTree = "<group>"; };
		FCC707D22C2C5E5100F3E42B /* IOS-HWTests.xctest */ = {isa = PBXFileReference; explicitFileType = wrapper.cfbundle; includeInIndex = 0; path = "IOS-HWTests.xctest"; sourceTree = BUILT_PRODUCTS_DIR; };
		FCC707D62C2C5E5100F3E42B /* IOS_HWTests.swift */ = {isa = PBXFileReference; lastKnownFileType = sourcecode.swift; path = IOS_HWTests.swift; sourceTree = "<group>"; };
		FCC707DC2C2C5E5100F3E42B /* IOS-HWUITests.xctest */ = {isa = PBXFileReference; explicitFileType = wrapper.cfbundle; includeInIndex = 0; path = "IOS-HWUITests.xctest"; sourceTree = BUILT_PRODUCTS_DIR; };
		FCC707E02C2C5E5100F3E42B /* IOS_HWUITests.swift */ = {isa = PBXFileReference; lastKnownFileType = sourcecode.swift; path = IOS_HWUITests.swift; sourceTree = "<group>"; };
		FCC707E22C2C5E5100F3E42B /* IOS_HWUITestsLaunchTests.swift */ = {isa = PBXFileReference; lastKnownFileType = sourcecode.swift; path = IOS_HWUITestsLaunchTests.swift; sourceTree = "<group>"; };
/* End PBXFileReference section */

/* Begin PBXFrameworksBuildPhase section */
		FCC707B92C2C5E5000F3E42B /* Frameworks */ = {
			isa = PBXFrameworksBuildPhase;
			buildActionMask = 2147483647;
			files = (
			);
			runOnlyForDeploymentPostprocessing = 0;
		};
		FCC707CF2C2C5E5100F3E42B /* Frameworks */ = {
			isa = PBXFrameworksBuildPhase;
			buildActionMask = 2147483647;
			files = (
			);
			runOnlyForDeploymentPostprocessing = 0;
		};
		FCC707D92C2C5E5100F3E42B /* Frameworks */ = {
			isa = PBXFrameworksBuildPhase;
			buildActionMask = 2147483647;
			files = (
			);
			runOnlyForDeploymentPostprocessing = 0;
		};
/* End PBXFrameworksBuildPhase section */

/* Begin PBXGroup section */
		FCC707B32C2C5E5000F3E42B = {
			isa = PBXGroup;
			children = (
				FCC707BE2C2C5E5000F3E42B /* IOS-HW */,
				FCC707D52C2C5E5100F3E42B /* IOS-HWTests */,
				FCC707DF2C2C5E5100F3E42B /* IOS-HWUITests */,
				FCC707BD2C2C5E5000F3E42B /* Products */,
			);
			sourceTree = "<group>";
		};
		FCC707BD2C2C5E5000F3E42B /* Products */ = {
			isa = PBXGroup;
			children = (
				FCC707BC2C2C5E5000F3E42B /* IOS-HW.app */,
				FCC707D22C2C5E5100F3E42B /* IOS-HWTests.xctest */,
				FCC707DC2C2C5E5100F3E42B /* IOS-HWUITests.xctest */,
			);
			name = Products;
			sourceTree = "<group>";
		};
		FCC707BE2C2C5E5000F3E42B /* IOS-HW */ = {
			isa = PBXGroup;
			children = (
				FCC707BF2C2C5E5100F3E42B /* AppDelegate.swift */,
				FCC707C12C2C5E5100F3E42B /* SceneDelegate.swift */,
				FCC707C32C2C5E5100F3E42B /* ViewController.swift */,
				FCC707C52C2C5E5100F3E42B /* Main.storyboard */,
				FCC707C82C2C5E5100F3E42B /* Assets.xcassets */,
				FCC707CA2C2C5E5100F3E42B /* LaunchScreen.storyboard */,
				FCC707CD2C2C5E5100F3E42B /* Info.plist */,
			);
			path = "IOS-HW";
			sourceTree = "<group>";
		};
		FCC707D52C2C5E5100F3E42B /* IOS-HWTests */ = {
			isa = PBXGroup;
			children = (
				FCC707D62C2C5E5100F3E42B /* IOS_HWTests.swift */,
			);
			path = "IOS-HWTests";
			sourceTree = "<group>";
		};
		FCC707DF2C2C5E5100F3E42B /* IOS-HWUITests */ = {
			isa = PBXGroup;
			children = (
				FCC707E02C2C5E5100F3E42B /* IOS_HWUITests.swift */,
				FCC707E22C2C5E5100F3E42B /* IOS_HWUITestsLaunchTests.swift */,
			);
			path = "IOS-HWUITests";
			sourceTree = "<group>";
		};
/* End PBXGroup section */

/* Begin PBXNativeTarget section */
		FCC707BB2C2C5E5000F3E42B /* IOS-HW */ = {
			isa = PBXNativeTarget;
			buildConfigurationList = FCC707E62C2C5E5100F3E42B /* Build configuration list for PBXNativeTarget "IOS-HW" */;
			buildPhases = (
				FCC707B82C2C5E5000F3E42B /* Sources */,
				FCC707B92C2C5E5000F3E42B /* Frameworks */,
				FCC707BA2C2C5E5000F3E42B /* Resources */,
			);
			buildRules = (
			);
			dependencies = (
			);
			name = "IOS-HW";
			productName = "IOS-HW";
			productReference = FCC707BC2C2C5E5000F3E42B /* IOS-HW.app */;
			productType = "com.apple.product-type.application";
		};
		FCC707D12C2C5E5100F3E42B /* IOS-HWTests */ = {
			isa = PBXNativeTarget;
			buildConfigurationList = FCC707E92C2C5E5100F3E42B /* Build configuration list for PBXNativeTarget "IOS-HWTests" */;
			buildPhases = (
				FCC707CE2C2C5E5100F3E42B /* Sources */,
				FCC707CF2C2C5E5100F3E42B /* Frameworks */,
				FCC707D02C2C5E5100F3E42B /* Resources */,
			);
			buildRules = (
			);
			dependencies = (
				FCC707D42C2C5E5100F3E42B /* PBXTargetDependency */,
			);
			name = "IOS-HWTests";
			productName = "IOS-HWTests";
			productReference = FCC707D22C2C5E5100F3E42B /* IOS-HWTests.xctest */;
			productType = "com.apple.product-type.bundle.unit-test";
		};
		FCC707DB2C2C5E5100F3E42B /* IOS-HWUITests */ = {
			isa = PBXNativeTarget;
			buildConfigurationList = FCC707EC2C2C5E5100F3E42B /* Build configuration list for PBXNativeTarget "IOS-HWUITests" */;
			buildPhases = (
				FCC707D82C2C5E5100F3E42B /* Sources */,
				FCC707D92C2C5E5100F3E42B /* Frameworks */,
				FCC707DA2C2C5E5100F3E42B /* Resources */,
			);
			buildRules = (
			);
			dependencies = (
				FCC707DE2C2C5E5100F3E42B /* PBXTargetDependency */,
			);
			name = "IOS-HWUITests";
			productName = "IOS-HWUITests";
			productReference = FCC707DC2C2C5E5100F3E42B /* IOS-HWUITests.xctest */;
			productType = "com.apple.product-type.bundle.ui-testing";
		};
/* End PBXNativeTarget section */

/* Begin PBXProject section */
		FCC707B42C2C5E5000F3E42B /* Project object */ = {
			isa = PBXProject;
			attributes = {
				BuildIndependentTargetsInParallel = 1;
				LastSwiftUpdateCheck = 1430;
				LastUpgradeCheck = 1430;
				TargetAttributes = {
					FCC707BB2C2C5E5000F3E42B = {
						CreatedOnToolsVersion = 14.3;
					};
					FCC707D12C2C5E5100F3E42B = {
						CreatedOnToolsVersion = 14.3;
						TestTargetID = FCC707BB2C2C5E5000F3E42B;
					};
					FCC707DB2C2C5E5100F3E42B = {
						CreatedOnToolsVersion = 14.3;
						TestTargetID = FCC707BB2C2C5E5000F3E42B;
					};
				};
			};
			buildConfigurationList = FCC707B72C2C5E5000F3E42B /* Build configuration list for PBXProject "IOS-HW" */;
			compatibilityVersion = "Xcode 14.0";
			developmentRegion = en;
			hasScannedForEncodings = 0;
			knownRegions = (
				en,
				Base,
			);
			mainGroup = FCC707B32C2C5E5000F3E42B;
			productRefGroup = FCC707BD2C2C5E5000F3E42B /* Products */;
			projectDirPath = "";
			projectRoot = "";
			targets = (
				FCC707BB2C2C5E5000F3E42B /* IOS-HW */,
				FCC707D12C2C5E5100F3E42B /* IOS-HWTests */,
				FCC707DB2C2C5E5100F3E42B /* IOS-HWUITests */,
			);
		};
/* End PBXProject section */

/* Begin PBXResourcesBuildPhase section */
		FCC707BA2C2C5E5000F3E42B /* Resources */ = {
			isa = PBXResourcesBuildPhase;
			buildActionMask = 2147483647;
			files = (
				FCC707CC2C2C5E5100F3E42B /* LaunchScreen.storyboard in Resources */,
				FCC707C92C2C5E5100F3E42B /* Assets.xcassets in Resources */,
				FCC707C72C2C5E5100F3E42B /* Main.storyboard in Resources */,
			);
			runOnlyForDeploymentPostprocessing = 0;
		};
		FCC707D02C2C5E5100F3E42B /* Resources */ = {
			isa = PBXResourcesBuildPhase;
			buildActionMask = 2147483647;
			files = (
			);
			runOnlyForDeploymentPostprocessing = 0;
		};
		FCC707DA2C2C5E5100F3E42B /* Resources */ = {
			isa = PBXResourcesBuildPhase;
			buildActionMask = 2147483647;
			files = (
			);
			runOnlyForDeploymentPostprocessing = 0;
		};
/* End PBXResourcesBuildPhase section */

/* Begin PBXSourcesBuildPhase section */
		FCC707B82C2C5E5000F3E42B /* Sources */ = {
			isa = PBXSourcesBuildPhase;
			buildActionMask = 2147483647;
			files = (
				FCC707C42C2C5E5100F3E42B /* ViewController.swift in Sources */,
				FCC707C02C2C5E5100F3E42B /* AppDelegate.swift in Sources */,
				FCC707C22C2C5E5100F3E42B /* SceneDelegate.swift in Sources */,
			);
			runOnlyForDeploymentPostprocessing = 0;
		};
		FCC707CE2C2C5E5100F3E42B /* Sources */ = {
			isa = PBXSourcesBuildPhase;
			buildActionMask = 2147483647;
			files = (
				FCC707D72C2C5E5100F3E42B /* IOS_HWTests.swift in Sources */,
			);
			runOnlyForDeploymentPostprocessing = 0;
		};
		FCC707D82C2C5E5100F3E42B /* Sources */ = {
			isa = PBXSourcesBuildPhase;
			buildActionMask = 2147483647;
			files = (
				FCC707E12C2C5E5100F3E42B /* IOS_HWUITests.swift in Sources */,
				FCC707E32C2C5E5100F3E42B /* IOS_HWUITestsLaunchTests.swift in Sources */,
			);
			runOnlyForDeploymentPostprocessing = 0;
		};
/* End PBXSourcesBuildPhase section */

/* Begin PBXTargetDependency section */
		FCC707D42C2C5E5100F3E42B /* PBXTargetDependency */ = {
			isa = PBXTargetDependency;
			target = FCC707BB2C2C5E5000F3E42B /* IOS-HW */;
			targetProxy = FCC707D32C2C5E5100F3E42B /* PBXContainerItemProxy */;
		};
		FCC707DE2C2C5E5100F3E42B /* PBXTargetDependency */ = {
			isa = PBXTargetDependency;
			target = FCC707BB2C2C5E5000F3E42B /* IOS-HW */;
			targetProxy = FCC707DD2C2C5E5100F3E42B /* PBXContainerItemProxy */;
		};
/* End PBXTargetDependency section */

/* Begin PBXVariantGroup section */
		FCC707C52C2C5E5100F3E42B /* Main.storyboard */ = {
			isa = PBXVariantGroup;
			children = (
				FCC707C62C2C5E5100F3E42B /* Base */,
			);
			name = Main.storyboard;
			sourceTree = "<group>";
		};
		FCC707CA2C2C5E5100F3E42B /* LaunchScreen.storyboard */ = {
			isa = PBXVariantGroup;
			children = (
				FCC707CB2C2C5E5100F3E42B /* Base */,
			);
			name = LaunchScreen.storyboard;
			sourceTree = "<group>";
		};
/* End PBXVariantGroup section */

/* Begin XCBuildConfiguration section */
		FCC707E42C2C5E5100F3E42B /* Debug */ = {
			isa = XCBuildConfiguration;
			buildSettings = {
				ALWAYS_SEARCH_USER_PATHS = NO;
				CLANG_ANALYZER_NONNULL = YES;
				CLANG_ANALYZER_NUMBER_OBJECT_CONVERSION = YES_AGGRESSIVE;
				CLANG_CXX_LANGUAGE_STANDARD = "gnu++20";
				CLANG_ENABLE_MODULES = YES;
				CLANG_ENABLE_OBJC_ARC = YES;
				CLANG_ENABLE_OBJC_WEAK = YES;
				CLANG_WARN_BLOCK_CAPTURE_AUTORELEASING = YES;
				CLANG_WARN_BOOL_CONVERSION = YES;
				CLANG_WARN_COMMA = YES;
				CLANG_WARN_CONSTANT_CONVERSION = YES;
				CLANG_WARN_DEPRECATED_OBJC_IMPLEMENTATIONS = YES;
				CLANG_WARN_DIRECT_OBJC_ISA_USAGE = YES_ERROR;
				CLANG_WARN_DOCUMENTATION_COMMENTS = YES;
				CLANG_WARN_EMPTY_BODY = YES;
				CLANG_WARN_ENUM_CONVERSION = YES;
				CLANG_WARN_INFINITE_RECURSION = YES;
				CLANG_WARN_INT_CONVERSION = YES;
				CLANG_WARN_NON_LITERAL_NULL_CONVERSION = YES;
				CLANG_WARN_OBJC_IMPLICIT_RETAIN_SELF = YES;
				CLANG_WARN_OBJC_LITERAL_CONVERSION = YES;
				CLANG_WARN_OBJC_ROOT_CLASS = YES_ERROR;
				CLANG_WARN_QUOTED_INCLUDE_IN_FRAMEWORK_HEADER = YES;
				CLANG_WARN_RANGE_LOOP_ANALYSIS = YES;
				CLANG_WARN_STRICT_PROTOTYPES = YES;
				CLANG_WARN_SUSPICIOUS_MOVE = YES;
				CLANG_WARN_UNGUARDED_AVAILABILITY = YES_AGGRESSIVE;
				CLANG_WARN_UNREACHABLE_CODE = YES;
				CLANG_WARN__DUPLICATE_METHOD_MATCH = YES;
				COPY_PHASE_STRIP = NO;
				DEBUG_INFORMATION_FORMAT = dwarf;
				ENABLE_STRICT_OBJC_MSGSEND = YES;
				ENABLE_TESTABILITY = YES;
				GCC_C_LANGUAGE_STANDARD = gnu11;
				GCC_DYNAMIC_NO_PIC = NO;
				GCC_NO_COMMON_BLOCKS = YES;
				GCC_OPTIMIZATION_LEVEL = 0;
				GCC_PREPROCESSOR_DEFINITIONS = (
					"DEBUG=1",
					"$(inherited)",
				);
				GCC_WARN_64_TO_32_BIT_CONVERSION = YES;
				GCC_WARN_ABOUT_RETURN_TYPE = YES_ERROR;
				GCC_WARN_UNDECLARED_SELECTOR = YES;
				GCC_WARN_UNINITIALIZED_AUTOS = YES_AGGRESSIVE;
				GCC_WARN_UNUSED_FUNCTION = YES;
				GCC_WARN_UNUSED_VARIABLE = YES;
				IPHONEOS_DEPLOYMENT_TARGET = 16.4;
				MTL_ENABLE_DEBUG_INFO = INCLUDE_SOURCE;
				MTL_FAST_MATH = YES;
				ONLY_ACTIVE_ARCH = YES;
				SDKROOT = iphoneos;
				SWIFT_ACTIVE_COMPILATION_CONDITIONS = DEBUG;
				SWIFT_OPTIMIZATION_LEVEL = "-Onone";
			};
			name = Debug;
		};
		FCC707E52C2C5E5100F3E42B /* Release */ = {
			isa = XCBuildConfiguration;
			buildSettings = {
				ALWAYS_SEARCH_USER_PATHS = NO;
				CLANG_ANALYZER_NONNULL = YES;
				CLANG_ANALYZER_NUMBER_OBJECT_CONVERSION = YES_AGGRESSIVE;
				CLANG_CXX_LANGUAGE_STANDARD = "gnu++20";
				CLANG_ENABLE_MODULES = YES;
				CLANG_ENABLE_OBJC_ARC = YES;
				CLANG_ENABLE_OBJC_WEAK = YES;
				CLANG_WARN_BLOCK_CAPTURE_AUTORELEASING = YES;
				CLANG_WARN_BOOL_CONVERSION = YES;
				CLANG_WARN_COMMA = YES;
				CLANG_WARN_CONSTANT_CONVERSION = YES;
				CLANG_WARN_DEPRECATED_OBJC_IMPLEMENTATIONS = YES;
				CLANG_WARN_DIRECT_OBJC_ISA_USAGE = YES_ERROR;
				CLANG_WARN_DOCUMENTATION_COMMENTS = YES;
				CLANG_WARN_EMPTY_BODY = YES;
				CLANG_WARN_ENUM_CONVERSION = YES;
				CLANG_WARN_INFINITE_RECURSION = YES;
				CLANG_WARN_INT_CONVERSION = YES;
				CLANG_WARN_NON_LITERAL_NULL_CONVERSION = YES;
				CLANG_WARN_OBJC_IMPLICIT_RETAIN_SELF = YES;
				CLANG_WARN_OBJC_LITERAL_CONVERSION = YES;
				CLANG_WARN_OBJC_ROOT_CLASS = YES_ERROR;
				CLANG_WARN_QUOTED_INCLUDE_IN_FRAMEWORK_HEADER = YES;
				CLANG_WARN_RANGE_LOOP_ANALYSIS = YES;
				CLANG_WARN_STRICT_PROTOTYPES = YES;
				CLANG_WARN_SUSPICIOUS_MOVE = YES;
				CLANG_WARN_UNGUARDED_AVAILABILITY = YES_AGGRESSIVE;
				CLANG_WARN_UNREACHABLE_CODE = YES;
				CLANG_WARN__DUPLICATE_METHOD_MATCH = YES;
				COPY_PHASE_STRIP = NO;
				DEBUG_INFORMATION_FORMAT = "dwarf-with-dsym";
				ENABLE_NS_ASSERTIONS = NO;
				ENABLE_STRICT_OBJC_MSGSEND = YES;
				GCC_C_LANGUAGE_STANDARD = gnu11;
				GCC_NO_COMMON_BLOCKS = YES;
				GCC_WARN_64_TO_32_BIT_CONVERSION = YES;
				GCC_WARN_ABOUT_RETURN_TYPE = YES_ERROR;
				GCC_WARN_UNDECLARED_SELECTOR = YES;
				GCC_WARN_UNINITIALIZED_AUTOS = YES_AGGRESSIVE;
				GCC_WARN_UNUSED_FUNCTION = YES;
				GCC_WARN_UNUSED_VARIABLE = YES;
				IPHONEOS_DEPLOYMENT_TARGET = 16.4;
				MTL_ENABLE_DEBUG_INFO = NO;
				MTL_FAST_MATH = YES;
				SDKROOT = iphoneos;
				SWIFT_COMPILATION_MODE = wholemodule;
				SWIFT_OPTIMIZATION_LEVEL = "-O";
				VALIDATE_PRODUCT = YES;
			};
			name = Release;
		};
		FCC707E72C2C5E5100F3E42B /* Debug */ = {
			isa = XCBuildConfiguration;
			buildSettings = {
				ASSETCATALOG_COMPILER_APPICON_NAME = AppIcon;
				ASSETCATALOG_COMPILER_GLOBAL_ACCENT_COLOR_NAME = AccentColor;
				CODE_SIGN_STYLE = Automatic;
				CURRENT_PROJECT_VERSION = 1;
				GENERATE_INFOPLIST_FILE = YES;
				INFOPLIST_FILE = "IOS-HW/Info.plist";
				INFOPLIST_KEY_UIApplicationSupportsIndirectInputEvents = YES;
				INFOPLIST_KEY_UILaunchStoryboardName = LaunchScreen;
				INFOPLIST_KEY_UIMainStoryboardFile = Main;
				INFOPLIST_KEY_UISupportedInterfaceOrientations_iPad = "UIInterfaceOrientationPortrait UIInterfaceOrientationPortraitUpsideDown UIInterfaceOrientationLandscapeLeft UIInterfaceOrientationLandscapeRight";
				INFOPLIST_KEY_UISupportedInterfaceOrientations_iPhone = "UIInterfaceOrientationPortrait UIInterfaceOrientationLandscapeLeft UIInterfaceOrientationLandscapeRight";
				LD_RUNPATH_SEARCH_PATHS = (
					"$(inherited)",
					"@executable_path/Frameworks",
				);
				MARKETING_VERSION = 1.0;
				PRODUCT_BUNDLE_IDENTIFIER = "GilAzani.IOS-HW";
				PRODUCT_NAME = "$(TARGET_NAME)";
				SWIFT_EMIT_LOC_STRINGS = YES;
				SWIFT_VERSION = 5.0;
				TARGETED_DEVICE_FAMILY = "1,2";
			};
			name = Debug;
		};
		FCC707E82C2C5E5100F3E42B /* Release */ = {
			isa = XCBuildConfiguration;
			buildSettings = {
				ASSETCATALOG_COMPILER_APPICON_NAME = AppIcon;
				ASSETCATALOG_COMPILER_GLOBAL_ACCENT_COLOR_NAME = AccentColor;
				CODE_SIGN_STYLE = Automatic;
				CURRENT_PROJECT_VERSION = 1;
				GENERATE_INFOPLIST_FILE = YES;
				INFOPLIST_FILE = "IOS-HW/Info.plist";
				INFOPLIST_KEY_UIApplicationSupportsIndirectInputEvents = YES;
				INFOPLIST_KEY_UILaunchStoryboardName = LaunchScreen;
				INFOPLIST_KEY_UIMainStoryboardFile = Main;
				INFOPLIST_KEY_UISupportedInterfaceOrientations_iPad = "UIInterfaceOrientationPortrait UIInterfaceOrientationPortraitUpsideDown UIInterfaceOrientationLandscapeLeft UIInterfaceOrientationLandscapeRight";
				INFOPLIST_KEY_UISupportedInterfaceOrientations_iPhone = "UIInterfaceOrientationPortrait UIInterfaceOrientationLandscapeLeft UIInterfaceOrientationLandscapeRight";
				LD_RUNPATH_SEARCH_PATHS = (
					"$(inherited)",
					"@executable_path/Frameworks",
				);
				MARKETING_VERSION = 1.0;
				PRODUCT_BUNDLE_IDENTIFIER = "GilAzani.IOS-HW";
				PRODUCT_NAME = "$(TARGET_NAME)";
				SWIFT_EMIT_LOC_STRINGS = YES;
				SWIFT_VERSION = 5.0;
				TARGETED_DEVICE_FAMILY = "1,2";
			};
			name = Release;
		};
		FCC707EA2C2C5E5100F3E42B /* Debug */ = {
			isa = XCBuildConfiguration;
			buildSettings = {
				ALWAYS_EMBED_SWIFT_STANDARD_LIBRARIES = YES;
				BUNDLE_LOADER = "$(TEST_HOST)";
				CODE_SIGN_STYLE = Automatic;
				CURRENT_PROJECT_VERSION = 1;
				GENERATE_INFOPLIST_FILE = YES;
				IPHONEOS_DEPLOYMENT_TARGET = 16.4;
				MARKETING_VERSION = 1.0;
				PRODUCT_BUNDLE_IDENTIFIER = "GilAzani.IOS-HWTests";
				PRODUCT_NAME = "$(TARGET_NAME)";
				SWIFT_EMIT_LOC_STRINGS = NO;
				SWIFT_VERSION = 5.0;
				TARGETED_DEVICE_FAMILY = "1,2";
				TEST_HOST = "$(BUILT_PRODUCTS_DIR)/IOS-HW.app/$(BUNDLE_EXECUTABLE_FOLDER_PATH)/IOS-HW";
			};
			name = Debug;
		};
		FCC707EB2C2C5E5100F3E42B /* Release */ = {
			isa = XCBuildConfiguration;
			buildSettings = {
				ALWAYS_EMBED_SWIFT_STANDARD_LIBRARIES = YES;
				BUNDLE_LOADER = "$(TEST_HOST)";
				CODE_SIGN_STYLE = Automatic;
				CURRENT_PROJECT_VERSION = 1;
				GENERATE_INFOPLIST_FILE = YES;
				IPHONEOS_DEPLOYMENT_TARGET = 16.4;
				MARKETING_VERSION = 1.0;
				PRODUCT_BUNDLE_IDENTIFIER = "GilAzani.IOS-HWTests";
				PRODUCT_NAME = "$(TARGET_NAME)";
				SWIFT_EMIT_LOC_STRINGS = NO;
				SWIFT_VERSION = 5.0;
				TARGETED_DEVICE_FAMILY = "1,2";
				TEST_HOST = "$(BUILT_PRODUCTS_DIR)/IOS-HW.app/$(BUNDLE_EXECUTABLE_FOLDER_PATH)/IOS-HW";
			};
			name = Release;
		};
		FCC707ED2C2C5E5100F3E42B /* Debug */ = {
			isa = XCBuildConfiguration;
			buildSettings = {
				ALWAYS_EMBED_SWIFT_STANDARD_LIBRARIES = YES;
				CODE_SIGN_STYLE = Automatic;
				CURRENT_PROJECT_VERSION = 1;
				GENERATE_INFOPLIST_FILE = YES;
				MARKETING_VERSION = 1.0;
				PRODUCT_BUNDLE_IDENTIFIER = "GilAzani.IOS-HWUITests";
				PRODUCT_NAME = "$(TARGET_NAME)";
				SWIFT_EMIT_LOC_STRINGS = NO;
				SWIFT_VERSION = 5.0;
				TARGETED_DEVICE_FAMILY = "1,2";
				TEST_TARGET_NAME = "IOS-HW";
			};
			name = Debug;
		};
		FCC707EE2C2C5E5100F3E42B /* Release */ = {
			isa = XCBuildConfiguration;
			buildSettings = {
				ALWAYS_EMBED_SWIFT_STANDARD_LIBRARIES = YES;
				CODE_SIGN_STYLE = Automatic;
				CURRENT_PROJECT_VERSION = 1;
				GENERATE_INFOPLIST_FILE = YES;
				MARKETING_VERSION = 1.0;
				PRODUCT_BUNDLE_IDENTIFIER = "GilAzani.IOS-HWUITests";
				PRODUCT_NAME = "$(TARGET_NAME)";
				SWIFT_EMIT_LOC_STRINGS = NO;
				SWIFT_VERSION = 5.0;
				TARGETED_DEVICE_FAMILY = "1,2";
				TEST_TARGET_NAME = "IOS-HW";
			};
			name = Release;
		};
/* End XCBuildConfiguration section */

/* Begin XCConfigurationList section */
		FCC707B72C2C5E5000F3E42B /* Build configuration list for PBXProject "IOS-HW" */ = {
			isa = XCConfigurationList;
			buildConfigurations = (
				FCC707E42C2C5E5100F3E42B /* Debug */,
				FCC707E52C2C5E5100F3E42B /* Release */,
			);
			defaultConfigurationIsVisible = 0;
			defaultConfigurationName = Release;
		};
		FCC707E62C2C5E5100F3E42B /* Build configuration list for PBXNativeTarget "IOS-HW" */ = {
			isa = XCConfigurationList;
			buildConfigurations = (
				FCC707E72C2C5E5100F3E42B /* Debug */,
				FCC707E82C2C5E5100F3E42B /* Release */,
			);
			defaultConfigurationIsVisible = 0;
			defaultConfigurationName = Release;
		};
		FCC707E92C2C5E5100F3E42B /* Build configuration list for PBXNativeTarget "IOS-HWTests" */ = {
			isa = XCConfigurationList;
			buildConfigurations = (
				FCC707EA2C2C5E5100F3E42B /* Debug */,
				FCC707EB2C2C5E5100F3E42B /* Release */,
			);
			defaultConfigurationIsVisible = 0;
			defaultConfigurationName = Release;
		};
		FCC707EC2C2C5E5100F3E42B /* Build configuration list for PBXNativeTarget "IOS-HWUITests" */ = {
			isa = XCConfigurationList;
			buildConfigurations = (
				FCC707ED2C2C5E5100F3E42B /* Debug */,
				FCC707EE2C2C5E5100F3E42B /* Release */,
			);
			defaultConfigurationIsVisible = 0;
			defaultConfigurationName = Release;
		};
/* End XCConfigurationList section */
	};
	rootObject = FCC707B42C2C5E5000F3E42B /* Project object */;
}
